
Microsoft Visual Studio Solution File, Format Version 12.00
# Visual Studio 2013
VisualStudioVersion = 12.0.30110.0
MinimumVisualStudioVersion = 10.0.40219.1
Project("{FAE04EC0-301F-11D3-BF4B-00C04F79EFBC}") = "Algorithms", "Algorithms\Algorithms.csproj", "{0CF11FE1-150C-4BBA-9D18-41861CE1EDA2}"
EndProject
Project("{FAE04EC0-301F-11D3-BF4B-00C04F79EFBC}") = "Algorithms.Tests", "Algorithms.Tests\Algorithms.Tests.csproj", "{BFFC4024-7DB7-41FB-A827-13AE613544FB}"
EndProject
Global
	GlobalSection(SolutionConfigurationPlatforms) = preSolution
		Debug|Any CPU = Debug|Any CPU
		Release|Any CPU = Release|Any CPU
	EndGlobalSection
	GlobalSection(ProjectConfigurationPlatforms) = postSolution
		{0CF11FE1-150C-4BBA-9D18-41861CE1EDA2}.Debug|Any CPU.ActiveCfg = Debug|Any CPU
		{0CF11FE1-150C-4BBA-9D18-41861CE1EDA2}.Debug|Any CPU.Build.0 = Debug|Any CPU
		{0CF11FE1-150C-4BBA-9D18-41861CE1EDA2}.Release|Any CPU.ActiveCfg = Release|Any CPU
		{0CF11FE1-150C-4BBA-9D18-41861CE1EDA2}.Release|Any CPU.Build.0 = Release|Any CPU
		{BFFC4024-7DB7-41FB-A827-13AE613544FB}.Debug|Any CPU.ActiveCfg = Debug|Any CPU
		{BFFC4024-7DB7-41FB-A827-13AE613544FB}.Debug|Any CPU.Build.0 = Debug|Any CPU
		{BFFC4024-7DB7-41FB-A827-13AE613544FB}.Release|Any CPU.ActiveCfg = Release|Any CPU
		{BFFC4024-7DB7-41FB-A827-13AE613544FB}.Release|Any CPU.Build.0 = Release|Any CPU
	EndGlobalSection
	GlobalSection(SolutionProperties) = preSolution
		HideSolutionNode = FALSE
	EndGlobalSection
EndGlobal
